<?xml version="1.0" encoding="UTF-8"?>
<Scheme
   version = "1.3">
   <BuildAction>
      <BuildActionEntries>
         <BuildActionEntry
            buildForRunning = "YES"
            buildForTesting = "YES">
            <BuildableReference
               BuildableIdentifier = "primary"
               BlueprintIdentifier = "27BBB65E16A0621E00EA5373"
               BuildableName = "FindOnTheWayTests.octest"
               BlueprintName = "FindOnTheWayTests"
               ReferencedContainer = "container:FindOnTheWay.xcodeproj">
            </BuildableReference>
         </BuildActionEntry>
      </BuildActionEntries>
   </BuildAction>
   <TestAction
      buildConfiguration = "Debug">
      <Testables>
         <TestableReference>
            <BuildableReference
               BuildableIdentifier = "primary"
               BlueprintIdentifier = "27BBB65E16A0621E00EA5373"
               BuildableName = "FindOnTheWayTests.octest"
               BlueprintName = "FindOnTheWayTests"
               ReferencedContainer = "container:FindOnTheWay.xcodeproj">
            </BuildableReference>
         </TestableReference>
      </Testables>
   </TestAction>
   <LaunchAction
      useCustomWorkingDirectory = "NO">
   </LaunchAction>
</Scheme>
